
Microsoft Visual Studio Solution File, Format Version 12.00
# Visual Studio Version 17
VisualStudioVersion = 17.11.35312.102
MinimumVisualStudioVersion = 10.0.40219.1
Project("{FAE04EC0-301F-11D3-BF4B-00C04F79EFBC}") = "ProjectBlockChain", "ProjectBlockChain\ProjectBlockChain.csproj", "{B4C53744-F76E-4913-B955-0ED2AA4407CF}"
EndProject
Global
	GlobalSection(SolutionConfigurationPlatforms) = preSolution
		Debug|Any CPU = Debug|Any CPU
		Release|Any CPU = Release|Any CPU
	EndGlobalSection
	GlobalSection(ProjectConfigurationPlatforms) = postSolution
		{B4C53744-F76E-4913-B955-0ED2AA4407CF}.Debug|Any CPU.ActiveCfg = Debug|Any CPU
		{B4C53744-F76E-4913-B955-0ED2AA4407CF}.Debug|Any CPU.Build.0 = Debug|Any CPU
		{B4C53744-F76E-4913-B955-0ED2AA4407CF}.Release|Any CPU.ActiveCfg = Release|Any CPU
		{B4C53744-F76E-4913-B955-0ED2AA4407CF}.Release|Any CPU.Build.0 = Release|Any CPU
	EndGlobalSection
	GlobalSection(SolutionProperties) = preSolution
		HideSolutionNode = FALSE
	EndGlobalSection
	GlobalSection(ExtensibilityGlobals) = postSolution
		SolutionGuid = {2EC8FA77-C7EC-48A4-9C40-29551A5345B8}
	EndGlobalSection
EndGlobal
